
Microsoft Visual Studio Solution File, Format Version 12.00
# Visual Studio Version 17
VisualStudioVersion = 17.6.33815.320
MinimumVisualStudioVersion = 10.0.40219.1
Project("{FAE04EC0-301F-11D3-BF4B-00C04F79EFBC}") = "Service", "Service\Service.csproj", "{07D625BB-36E6-4E0C-B2E0-83A865A4F61C}"
EndProject
Project("{FAE04EC0-301F-11D3-BF4B-00C04F79EFBC}") = "Turn.Server", "Turn.Server\Turn.Server.csproj", "{905E7B67-9F48-404B-9B7F-C801372AC385}"
EndProject
Project("{FAE04EC0-301F-11D3-BF4B-00C04F79EFBC}") = "Turn.Message", "Turn.Message\Turn.Message.csproj", "{0E9B3EF1-C7D8-4D76-A5F7-1DDB58252C0B}"
EndProject
Project("{FAE04EC0-301F-11D3-BF4B-00C04F79EFBC}") = "SocketServers", "SocketServers\SocketServers.csproj", "{4B180711-CA92-4CF3-878A-63E791A3D9A9}"
EndProject
Global
	GlobalSection(SolutionConfigurationPlatforms) = preSolution
		Debug|Any CPU = Debug|Any CPU
		Debug|Mixed Platforms = Debug|Mixed Platforms
		Debug|x86 = Debug|x86
		Release|Any CPU = Release|Any CPU
		Release|Mixed Platforms = Release|Mixed Platforms
		Release|x86 = Release|x86
	EndGlobalSection
	GlobalSection(ProjectConfigurationPlatforms) = postSolution
		{07D625BB-36E6-4E0C-B2E0-83A865A4F61C}.Debug|Any CPU.ActiveCfg = Debug|Any CPU
		{07D625BB-36E6-4E0C-B2E0-83A865A4F61C}.Debug|Any CPU.Build.0 = Debug|Any CPU
		{07D625BB-36E6-4E0C-B2E0-83A865A4F61C}.Debug|Mixed Platforms.ActiveCfg = Debug|Any CPU
		{07D625BB-36E6-4E0C-B2E0-83A865A4F61C}.Debug|Mixed Platforms.Build.0 = Debug|Any CPU
		{07D625BB-36E6-4E0C-B2E0-83A865A4F61C}.Debug|x86.ActiveCfg = Debug|Any CPU
		{07D625BB-36E6-4E0C-B2E0-83A865A4F61C}.Release|Any CPU.ActiveCfg = Release|Any CPU
		{07D625BB-36E6-4E0C-B2E0-83A865A4F61C}.Release|Any CPU.Build.0 = Release|Any CPU
		{07D625BB-36E6-4E0C-B2E0-83A865A4F61C}.Release|Mixed Platforms.ActiveCfg = Release|Any CPU
		{07D625BB-36E6-4E0C-B2E0-83A865A4F61C}.Release|Mixed Platforms.Build.0 = Release|Any CPU
		{07D625BB-36E6-4E0C-B2E0-83A865A4F61C}.Release|x86.ActiveCfg = Release|Any CPU
		{905E7B67-9F48-404B-9B7F-C801372AC385}.Debug|Any CPU.ActiveCfg = Debug|Any CPU
		{905E7B67-9F48-404B-9B7F-C801372AC385}.Debug|Any CPU.Build.0 = Debug|Any CPU
		{905E7B67-9F48-404B-9B7F-C801372AC385}.Debug|Mixed Platforms.ActiveCfg = Debug|Any CPU
		{905E7B67-9F48-404B-9B7F-C801372AC385}.Debug|Mixed Platforms.Build.0 = Debug|Any CPU
		{905E7B67-9F48-404B-9B7F-C801372AC385}.Debug|x86.ActiveCfg = Debug|Any CPU
		{905E7B67-9F48-404B-9B7F-C801372AC385}.Release|Any CPU.ActiveCfg = Release|Any CPU
		{905E7B67-9F48-404B-9B7F-C801372AC385}.Release|Any CPU.Build.0 = Release|Any CPU
		{905E7B67-9F48-404B-9B7F-C801372AC385}.Release|Mixed Platforms.ActiveCfg = Release|Any CPU
		{905E7B67-9F48-404B-9B7F-C801372AC385}.Release|Mixed Platforms.Build.0 = Release|Any CPU
		{905E7B67-9F48-404B-9B7F-C801372AC385}.Release|x86.ActiveCfg = Release|Any CPU
		{0E9B3EF1-C7D8-4D76-A5F7-1DDB58252C0B}.Debug|Any CPU.ActiveCfg = Debug|Any CPU
		{0E9B3EF1-C7D8-4D76-A5F7-1DDB58252C0B}.Debug|Any CPU.Build.0 = Debug|Any CPU
		{0E9B3EF1-C7D8-4D76-A5F7-1DDB58252C0B}.Debug|Mixed Platforms.ActiveCfg = Debug|Any CPU
		{0E9B3EF1-C7D8-4D76-A5F7-1DDB58252C0B}.Debug|Mixed Platforms.Build.0 = Debug|Any CPU
		{0E9B3EF1-C7D8-4D76-A5F7-1DDB58252C0B}.Debug|x86.ActiveCfg = Debug|Any CPU
		{0E9B3EF1-C7D8-4D76-A5F7-1DDB58252C0B}.Debug|x86.Build.0 = Debug|Any CPU
		{0E9B3EF1-C7D8-4D76-A5F7-1DDB58252C0B}.Release|Any CPU.ActiveCfg = Release|Any CPU
		{0E9B3EF1-C7D8-4D76-A5F7-1DDB58252C0B}.Release|Any CPU.Build.0 = Release|Any CPU
		{0E9B3EF1-C7D8-4D76-A5F7-1DDB58252C0B}.Release|Mixed Platforms.ActiveCfg = Release|Any CPU
		{0E9B3EF1-C7D8-4D76-A5F7-1DDB58252C0B}.Release|Mixed Platforms.Build.0 = Release|Any CPU
		{0E9B3EF1-C7D8-4D76-A5F7-1DDB58252C0B}.Release|x86.ActiveCfg = Release|Any CPU
		{0E9B3EF1-C7D8-4D76-A5F7-1DDB58252C0B}.Release|x86.Build.0 = Release|Any CPU
		{4B180711-CA92-4CF3-878A-63E791A3D9A9}.Debug|Any CPU.ActiveCfg = Debug|Any CPU
		{4B180711-CA92-4CF3-878A-63E791A3D9A9}.Debug|Any CPU.Build.0 = Debug|Any CPU
		{4B180711-CA92-4CF3-878A-63E791A3D9A9}.Debug|Mixed Platforms.ActiveCfg = Debug|Any CPU
		{4B180711-CA92-4CF3-878A-63E791A3D9A9}.Debug|Mixed Platforms.Build.0 = Debug|Any CPU
		{4B180711-CA92-4CF3-878A-63E791A3D9A9}.Debug|x86.ActiveCfg = Debug|Any CPU
		{4B180711-CA92-4CF3-878A-63E791A3D9A9}.Debug|x86.Build.0 = Debug|Any CPU
		{4B180711-CA92-4CF3-878A-63E791A3D9A9}.Release|Any CPU.ActiveCfg = Release|Any CPU
		{4B180711-CA92-4CF3-878A-63E791A3D9A9}.Release|Any CPU.Build.0 = Release|Any CPU
		{4B180711-CA92-4CF3-878A-63E791A3D9A9}.Release|Mixed Platforms.ActiveCfg = Release|Any CPU
		{4B180711-CA92-4CF3-878A-63E791A3D9A9}.Release|Mixed Platforms.Build.0 = Release|Any CPU
		{4B180711-CA92-4CF3-878A-63E791A3D9A9}.Release|x86.ActiveCfg = Release|Any CPU
		{4B180711-CA92-4CF3-878A-63E791A3D9A9}.Release|x86.Build.0 = Release|Any CPU
	EndGlobalSection
	GlobalSection(SolutionProperties) = preSolution
		HideSolutionNode = FALSE
	EndGlobalSection
	GlobalSection(ExtensibilityGlobals) = postSolution
		SolutionGuid = {A18AA3D1-5F45-4C30-9605-05D5D6754842}
	EndGlobalSection
	GlobalSection(TestCaseManagementSettings) = postSolution
		CategoryFile = TurnServer.vsmdi
	EndGlobalSection
EndGlobal
